// !$*UTF8*$!
{
	archiveVersion = 1;
	classes = {
	};
	objectVersion = 50;
	objects = {

/* Begin PBXBuildFile section */
		B6550EB223A7C29900DE8312 /* AppDelegate.swift in Sources */ = {isa = PBXBuildFile; fileRef = B6550EB123A7C29900DE8312 /* AppDelegate.swift */; };
		B6550EB423A7C29900DE8312 /* SceneDelegate.swift in Sources */ = {isa = PBXBuildFile; fileRef = B6550EB323A7C29900DE8312 /* SceneDelegate.swift */; };
		B6550EBB23A7C29B00DE8312 /* Assets.xcassets in Resources */ = {isa = PBXBuildFile; fileRef = B6550EBA23A7C29B00DE8312 /* Assets.xcassets */; };
		B6550EBE23A7C29B00DE8312 /* LaunchScreen.storyboard in Resources */ = {isa = PBXBuildFile; fileRef = B6550EBC23A7C29B00DE8312 /* LaunchScreen.storyboard */; };
		B6550ECB23A7EA9900DE8312 /* FoodViewController.swift in Sources */ = {isa = PBXBuildFile; fileRef = B6550ECA23A7EA9900DE8312 /* FoodViewController.swift */; };
		B6550ED023A7ED5800DE8312 /* Food.storyboard in Resources */ = {isa = PBXBuildFile; fileRef = B6550ECF23A7ED5800DE8312 /* Food.storyboard */; };
		B6550ED323A7EF4900DE8312 /* FoodNavigationTableViewCell.swift in Sources */ = {isa = PBXBuildFile; fileRef = B6550ED123A7EF4900DE8312 /* FoodNavigationTableViewCell.swift */; };
		B6550ED423A7EF4900DE8312 /* FoodNavigationTableViewCell.xib in Resources */ = {isa = PBXBuildFile; fileRef = B6550ED223A7EF4900DE8312 /* FoodNavigationTableViewCell.xib */; };
/* End PBXBuildFile section */

/* Begin PBXFileReference section */
		B6550EAE23A7C29900DE8312 /* FoodHouse.app */ = {isa = PBXFileReference; explicitFileType = wrapper.application; includeInIndex = 0; path = FoodHouse.app; sourceTree = BUILT_PRODUCTS_DIR; };
		B6550EB123A7C29900DE8312 /* AppDelegate.swift */ = {isa = PBXFileReference; lastKnownFileType = sourcecode.swift; path = AppDelegate.swift; sourceTree = "<group>"; };
		B6550EB323A7C29900DE8312 /* SceneDelegate.swift */ = {isa = PBXFileReference; lastKnownFileType = sourcecode.swift; path = SceneDelegate.swift; sourceTree = "<group>"; };
		B6550EBA23A7C29B00DE8312 /* Assets.xcassets */ = {isa = PBXFileReference; lastKnownFileType = folder.assetcatalog; path = Assets.xcassets; sourceTree = "<group>"; };
		B6550EBD23A7C29B00DE8312 /* Base */ = {isa = PBXFileReference; lastKnownFileType = file.storyboard; name = Base; path = Base.lproj/LaunchScreen.storyboard; sourceTree = "<group>"; };
		B6550EBF23A7C29B00DE8312 /* Info.plist */ = {isa = PBXFileReference; lastKnownFileType = text.plist.xml; path = Info.plist; sourceTree = "<group>"; };
		B6550ECA23A7EA9900DE8312 /* FoodViewController.swift */ = {isa = PBXFileReference; lastKnownFileType = sourcecode.swift; path = FoodViewController.swift; sourceTree = "<group>"; };
		B6550ECF23A7ED5800DE8312 /* Food.storyboard */ = {isa = PBXFileReference; lastKnownFileType = file.storyboard; path = Food.storyboard; sourceTree = "<group>"; };
		B6550ED123A7EF4900DE8312 /* FoodNavigationTableViewCell.swift */ = {isa = PBXFileReference; lastKnownFileType = sourcecode.swift; path = FoodNavigationTableViewCell.swift; sourceTree = "<group>"; };
		B6550ED223A7EF4900DE8312 /* FoodNavigationTableViewCell.xib */ = {isa = PBXFileReference; lastKnownFileType = file.xib; path = FoodNavigationTableViewCell.xib; sourceTree = "<group>"; };
/* End PBXFileReference section */

/* Begin PBXFrameworksBuildPhase section */
		B6550EAB23A7C29800DE8312 /* Frameworks */ = {
			isa = PBXFrameworksBuildPhase;
			buildActionMask = 2147483647;
			files = (
			);
			runOnlyForDeploymentPostprocessing = 0;
		};
/* End PBXFrameworksBuildPhase section */

/* Begin PBXGroup section */
		B6550EA523A7C29800DE8312 = {
			isa = PBXGroup;
			children = (
				B6550EB023A7C29900DE8312 /* FoodHouse */,
				B6550EAF23A7C29900DE8312 /* Products */,
			);
			sourceTree = "<group>";
		};
		B6550EAF23A7C29900DE8312 /* Products */ = {
			isa = PBXGroup;
			children = (
				B6550EAE23A7C29900DE8312 /* FoodHouse.app */,
			);
			name = Products;
			sourceTree = "<group>";
		};
		B6550EB023A7C29900DE8312 /* FoodHouse */ = {
			isa = PBXGroup;
			children = (
				B6550EC523A7D7C700DE8312 /* AppStart */,
				B6550EC623A7D7E500DE8312 /* Resources */,
				B6550EC723A7DAC700DE8312 /* Model */,
				B6550EC823A7DAD500DE8312 /* View */,
				B6550EC923A7DADD00DE8312 /* Controller */,
				B6550EBF23A7C29B00DE8312 /* Info.plist */,
			);
			path = FoodHouse;
			sourceTree = "<group>";
		};
		B6550EC523A7D7C700DE8312 /* AppStart */ = {
			isa = PBXGroup;
			children = (
				B6550EB123A7C29900DE8312 /* AppDelegate.swift */,
				B6550EB323A7C29900DE8312 /* SceneDelegate.swift */,
				B6550EBC23A7C29B00DE8312 /* LaunchScreen.storyboard */,
			);
			path = AppStart;
			sourceTree = "<group>";
		};
		B6550EC623A7D7E500DE8312 /* Resources */ = {
			isa = PBXGroup;
			children = (
				B6550EBA23A7C29B00DE8312 /* Assets.xcassets */,
			);
			path = Resources;
			sourceTree = "<group>";
		};
		B6550EC723A7DAC700DE8312 /* Model */ = {
			isa = PBXGroup;
			children = (
			);
			path = Model;
			sourceTree = "<group>";
		};
		B6550EC823A7DAD500DE8312 /* View */ = {
			isa = PBXGroup;
			children = (
				B6550ECE23A7ED1B00DE8312 /* Components */,
				B6550ECC23A7ED0A00DE8312 /* Cell */,
				B6550ECD23A7ED0F00DE8312 /* Storyboard */,
			);
			path = View;
			sourceTree = "<group>";
		};
		B6550EC923A7DADD00DE8312 /* Controller */ = {
			isa = PBXGroup;
			children = (
				B6550ECA23A7EA9900DE8312 /* FoodViewController.swift */,
			);
			path = Controller;
			sourceTree = "<group>";
		};
		B6550ECC23A7ED0A00DE8312 /* Cell */ = {
			isa = PBXGroup;
			children = (
				B6550ED123A7EF4900DE8312 /* FoodNavigationTableViewCell.swift */,
				B6550ED223A7EF4900DE8312 /* FoodNavigationTableViewCell.xib */,
			);
			path = Cell;
			sourceTree = "<group>";
		};
		B6550ECD23A7ED0F00DE8312 /* Storyboard */ = {
			isa = PBXGroup;
			children = (
				B6550ECF23A7ED5800DE8312 /* Food.storyboard */,
			);
			path = Storyboard;
			sourceTree = "<group>";
		};
		B6550ECE23A7ED1B00DE8312 /* Components */ = {
			isa = PBXGroup;
			children = (
			);
			path = Components;
			sourceTree = "<group>";
		};
/* End PBXGroup section */

/* Begin PBXNativeTarget section */
		B6550EAD23A7C29800DE8312 /* FoodHouse */ = {
			isa = PBXNativeTarget;
			buildConfigurationList = B6550EC223A7C29B00DE8312 /* Build configuration list for PBXNativeTarget "FoodHouse" */;
			buildPhases = (
				B6550EAA23A7C29800DE8312 /* Sources */,
				B6550EAB23A7C29800DE8312 /* Frameworks */,
				B6550EAC23A7C29800DE8312 /* Resources */,
			);
			buildRules = (
			);
			dependencies = (
			);
			name = FoodHouse;
			productName = FoodHouse;
			productReference = B6550EAE23A7C29900DE8312 /* FoodHouse.app */;
			productType = "com.apple.product-type.application";
		};
/* End PBXNativeTarget section */

/* Begin PBXProject section */
		B6550EA623A7C29800DE8312 /* Project object */ = {
			isa = PBXProject;
			attributes = {
				LastSwiftUpdateCheck = 1110;
				LastUpgradeCheck = 1110;
				ORGANIZATIONNAME = Nikandr;
				TargetAttributes = {
					B6550EAD23A7C29800DE8312 = {
						CreatedOnToolsVersion = 11.1;
					};
				};
			};
			buildConfigurationList = B6550EA923A7C29800DE8312 /* Build configuration list for PBXProject "FoodHouse" */;
			compatibilityVersion = "Xcode 9.3";
			developmentRegion = en;
			hasScannedForEncodings = 0;
			knownRegions = (
				en,
				Base,
			);
			mainGroup = B6550EA523A7C29800DE8312;
			productRefGroup = B6550EAF23A7C29900DE8312 /* Products */;
			projectDirPath = "";
			projectRoot = "";
			targets = (
				B6550EAD23A7C29800DE8312 /* FoodHouse */,
			);
		};
/* End PBXProject section */

/* Begin PBXResourcesBuildPhase section */
		B6550EAC23A7C29800DE8312 /* Resources */ = {
			isa = PBXResourcesBuildPhase;
			buildActionMask = 2147483647;
			files = (
				B6550ED023A7ED5800DE8312 /* Food.storyboard in Resources */,
				B6550EBE23A7C29B00DE8312 /* LaunchScreen.storyboard in Resources */,
				B6550EBB23A7C29B00DE8312 /* Assets.xcassets in Resources */,
				B6550ED423A7EF4900DE8312 /* FoodNavigationTableViewCell.xib in Resources */,
			);
			runOnlyForDeploymentPostprocessing = 0;
		};
/* End PBXResourcesBuildPhase section */

/* Begin PBXSourcesBuildPhase section */
		B6550EAA23A7C29800DE8312 /* Sources */ = {
			isa = PBXSourcesBuildPhase;
			buildActionMask = 2147483647;
			files = (
				B6550EB223A7C29900DE8312 /* AppDelegate.swift in Sources */,
				B6550ED323A7EF4900DE8312 /* FoodNavigationTableViewCell.swift in Sources */,
				B6550ECB23A7EA9900DE8312 /* FoodViewController.swift in Sources */,
				B6550EB423A7C29900DE8312 /* SceneDelegate.swift in Sources */,
			);
			runOnlyForDeploymentPostprocessing = 0;
		};
/* End PBXSourcesBuildPhase section */

/* Begin PBXVariantGroup section */
		B6550EBC23A7C29B00DE8312 /* LaunchScreen.storyboard */ = {
			isa = PBXVariantGroup;
			children = (
				B6550EBD23A7C29B00DE8312 /* Base */,
			);
			name = LaunchScreen.storyboard;
			sourceTree = "<group>";
		};
/* End PBXVariantGroup section */

/* Begin XCBuildConfiguration section */
		B6550EC023A7C29B00DE8312 /* Debug */ = {
			isa = XCBuildConfiguration;
			buildSettings = {
				ALWAYS_SEARCH_USER_PATHS = NO;
				CLANG_ANALYZER_NONNULL = YES;
				CLANG_ANALYZER_NUMBER_OBJECT_CONVERSION = YES_AGGRESSIVE;
				CLANG_CXX_LANGUAGE_STANDARD = "gnu++14";
				CLANG_CXX_LIBRARY = "libc++";
				CLANG_ENABLE_MODULES = YES;
				CLANG_ENABLE_OBJC_ARC = YES;
				CLANG_ENABLE_OBJC_WEAK = YES;
				CLANG_WARN_BLOCK_CAPTURE_AUTORELEASING = YES;
				CLANG_WARN_BOOL_CONVERSION = YES;
				CLANG_WARN_COMMA = YES;
				CLANG_WARN_CONSTANT_CONVERSION = YES;
				CLANG_WARN_DEPRECATED_OBJC_IMPLEMENTATIONS = YES;
				CLANG_WARN_DIRECT_OBJC_ISA_USAGE = YES_ERROR;
				CLANG_WARN_DOCUMENTATION_COMMENTS = YES;
				CLANG_WARN_EMPTY_BODY = YES;
				CLANG_WARN_ENUM_CONVERSION = YES;
				CLANG_WARN_INFINITE_RECURSION = YES;
				CLANG_WARN_INT_CONVERSION = YES;
				CLANG_WARN_NON_LITERAL_NULL_CONVERSION = YES;
				CLANG_WARN_OBJC_IMPLICIT_RETAIN_SELF = YES;
				CLANG_WARN_OBJC_LITERAL_CONVERSION = YES;
				CLANG_WARN_OBJC_ROOT_CLASS = YES_ERROR;
				CLANG_WARN_RANGE_LOOP_ANALYSIS = YES;
				CLANG_WARN_STRICT_PROTOTYPES = YES;
				CLANG_WARN_SUSPICIOUS_MOVE = YES;
				CLANG_WARN_UNGUARDED_AVAILABILITY = YES_AGGRESSIVE;
				CLANG_WARN_UNREACHABLE_CODE = YES;
				CLANG_WARN__DUPLICATE_METHOD_MATCH = YES;
				COPY_PHASE_STRIP = NO;
				DEBUG_INFORMATION_FORMAT = dwarf;
				ENABLE_STRICT_OBJC_MSGSEND = YES;
				ENABLE_TESTABILITY = YES;
				GCC_C_LANGUAGE_STANDARD = gnu11;
				GCC_DYNAMIC_NO_PIC = NO;
				GCC_NO_COMMON_BLOCKS = YES;
				GCC_OPTIMIZATION_LEVEL = 0;
				GCC_PREPROCESSOR_DEFINITIONS = (
					"DEBUG=1",
					"$(inherited)",
				);
				GCC_WARN_64_TO_32_BIT_CONVERSION = YES;
				GCC_WARN_ABOUT_RETURN_TYPE = YES_ERROR;
				GCC_WARN_UNDECLARED_SELECTOR = YES;
				GCC_WARN_UNINITIALIZED_AUTOS = YES_AGGRESSIVE;
				GCC_WARN_UNUSED_FUNCTION = YES;
				GCC_WARN_UNUSED_VARIABLE = YES;
				IPHONEOS_DEPLOYMENT_TARGET = 13.1;
				MTL_ENABLE_DEBUG_INFO = INCLUDE_SOURCE;
				MTL_FAST_MATH = YES;
				ONLY_ACTIVE_ARCH = YES;
				SDKROOT = iphoneos;
				SWIFT_ACTIVE_COMPILATION_CONDITIONS = DEBUG;
				SWIFT_OPTIMIZATION_LEVEL = "-Onone";
			};
			name = Debug;
		};
		B6550EC123A7C29B00DE8312 /* Release */ = {
			isa = XCBuildConfiguration;
			buildSettings = {
				ALWAYS_SEARCH_USER_PATHS = NO;
				CLANG_ANALYZER_NONNULL = YES;
				CLANG_ANALYZER_NUMBER_OBJECT_CONVERSION = YES_AGGRESSIVE;
				CLANG_CXX_LANGUAGE_STANDARD = "gnu++14";
				CLANG_CXX_LIBRARY = "libc++";
				CLANG_ENABLE_MODULES = YES;
				CLANG_ENABLE_OBJC_ARC = YES;
				CLANG_ENABLE_OBJC_WEAK = YES;
				CLANG_WARN_BLOCK_CAPTURE_AUTORELEASING = YES;
				CLANG_WARN_BOOL_CONVERSION = YES;
				CLANG_WARN_COMMA = YES;
				CLANG_WARN_CONSTANT_CONVERSION = YES;
				CLANG_WARN_DEPRECATED_OBJC_IMPLEMENTATIONS = YES;
				CLANG_WARN_DIRECT_OBJC_ISA_USAGE = YES_ERROR;
				CLANG_WARN_DOCUMENTATION_COMMENTS = YES;
				CLANG_WARN_EMPTY_BODY = YES;
				CLANG_WARN_ENUM_CONVERSION = YES;
				CLANG_WARN_INFINITE_RECURSION = YES;
				CLANG_WARN_INT_CONVERSION = YES;
				CLANG_WARN_NON_LITERAL_NULL_CONVERSION = YES;
				CLANG_WARN_OBJC_IMPLICIT_RETAIN_SELF = YES;
				CLANG_WARN_OBJC_LITERAL_CONVERSION = YES;
				CLANG_WARN_OBJC_ROOT_CLASS = YES_ERROR;
				CLANG_WARN_RANGE_LOOP_ANALYSIS = YES;
				CLANG_WARN_STRICT_PROTOTYPES = YES;
				CLANG_WARN_SUSPICIOUS_MOVE = YES;
				CLANG_WARN_UNGUARDED_AVAILABILITY = YES_AGGRESSIVE;
				CLANG_WARN_UNREACHABLE_CODE = YES;
				CLANG_WARN__DUPLICATE_METHOD_MATCH = YES;
				COPY_PHASE_STRIP = NO;
				DEBUG_INFORMATION_FORMAT = "dwarf-with-dsym";
				ENABLE_NS_ASSERTIONS = NO;
				ENABLE_STRICT_OBJC_MSGSEND = YES;
				GCC_C_LANGUAGE_STANDARD = gnu11;
				GCC_NO_COMMON_BLOCKS = YES;
				GCC_WARN_64_TO_32_BIT_CONVERSION = YES;
				GCC_WARN_ABOUT_RETURN_TYPE = YES_ERROR;
				GCC_WARN_UNDECLARED_SELECTOR = YES;
				GCC_WARN_UNINITIALIZED_AUTOS = YES_AGGRESSIVE;
				GCC_WARN_UNUSED_FUNCTION = YES;
				GCC_WARN_UNUSED_VARIABLE = YES;
				IPHONEOS_DEPLOYMENT_TARGET = 13.1;
				MTL_ENABLE_DEBUG_INFO = NO;
				MTL_FAST_MATH = YES;
				SDKROOT = iphoneos;
				SWIFT_COMPILATION_MODE = wholemodule;
				SWIFT_OPTIMIZATION_LEVEL = "-O";
				VALIDATE_PRODUCT = YES;
			};
			name = Release;
		};
		B6550EC323A7C29B00DE8312 /* Debug */ = {
			isa = XCBuildConfiguration;
			buildSettings = {
				ASSETCATALOG_COMPILER_APPICON_NAME = AppIcon;
				CODE_SIGN_STYLE = Automatic;
				DEVELOPMENT_TEAM = KRDU7P95V4;
				INFOPLIST_FILE = FoodHouse/Info.plist;
				LD_RUNPATH_SEARCH_PATHS = (
					"$(inherited)",
					"@executable_path/Frameworks",
				);
				PRODUCT_BUNDLE_IDENTIFIER = startupsoft.FoodHouse;
				PRODUCT_NAME = "$(TARGET_NAME)";
				SWIFT_VERSION = 5.0;
				TARGETED_DEVICE_FAMILY = "1,2";
			};
			name = Debug;
		};
		B6550EC423A7C29B00DE8312 /* Release */ = {
			isa = XCBuildConfiguration;
			buildSettings = {
				ASSETCATALOG_COMPILER_APPICON_NAME = AppIcon;
				CODE_SIGN_STYLE = Automatic;
				DEVELOPMENT_TEAM = KRDU7P95V4;
				INFOPLIST_FILE = FoodHouse/Info.plist;
				LD_RUNPATH_SEARCH_PATHS = (
					"$(inherited)",
					"@executable_path/Frameworks",
				);
				PRODUCT_BUNDLE_IDENTIFIER = startupsoft.FoodHouse;
				PRODUCT_NAME = "$(TARGET_NAME)";
				SWIFT_VERSION = 5.0;
				TARGETED_DEVICE_FAMILY = "1,2";
			};
			name = Release;
		};
/* End XCBuildConfiguration section */

/* Begin XCConfigurationList section */
		B6550EA923A7C29800DE8312 /* Build configuration list for PBXProject "FoodHouse" */ = {
			isa = XCConfigurationList;
			buildConfigurations = (
				B6550EC023A7C29B00DE8312 /* Debug */,
				B6550EC123A7C29B00DE8312 /* Release */,
			);
			defaultConfigurationIsVisible = 0;
			defaultConfigurationName = Release;
		};
		B6550EC223A7C29B00DE8312 /* Build configuration list for PBXNativeTarget "FoodHouse" */ = {
			isa = XCConfigurationList;
			buildConfigurations = (
				B6550EC323A7C29B00DE8312 /* Debug */,
				B6550EC423A7C29B00DE8312 /* Release */,
			);
			defaultConfigurationIsVisible = 0;
			defaultConfigurationName = Release;
		};
/* End XCConfigurationList section */
	};
	rootObject = B6550EA623A7C29800DE8312 /* Project object */;
}
