// !$*UTF8*$!
{
	archiveVersion = 1;
	classes = {
	};
	objectVersion = 51;
	objects = {

/* Begin PBXBuildFile section */
		7A571DFA4C475C845A45E8CE /* Pods_FoodHouse.framework in Frameworks */ = {isa = PBXBuildFile; fileRef = 612910C14942C2376E8BA693 /* Pods_FoodHouse.framework */; };
		B6550EB223A7C29900DE8312 /* AppDelegate.swift in Sources */ = {isa = PBXBuildFile; fileRef = B6550EB123A7C29900DE8312 /* AppDelegate.swift */; };
		B6550EB423A7C29900DE8312 /* SceneDelegate.swift in Sources */ = {isa = PBXBuildFile; fileRef = B6550EB323A7C29900DE8312 /* SceneDelegate.swift */; };
		B6550EBB23A7C29B00DE8312 /* Images.xcassets in Resources */ = {isa = PBXBuildFile; fileRef = B6550EBA23A7C29B00DE8312 /* Images.xcassets */; };
		B6550EBE23A7C29B00DE8312 /* LaunchScreen.storyboard in Resources */ = {isa = PBXBuildFile; fileRef = B6550EBC23A7C29B00DE8312 /* LaunchScreen.storyboard */; };
		B6550ECB23A7EA9900DE8312 /* FoodViewController.swift in Sources */ = {isa = PBXBuildFile; fileRef = B6550ECA23A7EA9900DE8312 /* FoodViewController.swift */; };
		B6550ED023A7ED5800DE8312 /* Food.storyboard in Resources */ = {isa = PBXBuildFile; fileRef = B6550ECF23A7ED5800DE8312 /* Food.storyboard */; };
		B6550ED323A7EF4900DE8312 /* FoodTopBar.swift in Sources */ = {isa = PBXBuildFile; fileRef = B6550ED123A7EF4900DE8312 /* FoodTopBar.swift */; };
		B6550ED423A7EF4900DE8312 /* FoodTopBar.xib in Resources */ = {isa = PBXBuildFile; fileRef = B6550ED223A7EF4900DE8312 /* FoodTopBar.xib */; };
		B6725A2523A9048400C1C694 /* UIViewExtension.swift in Sources */ = {isa = PBXBuildFile; fileRef = B6725A2423A9048400C1C694 /* UIViewExtension.swift */; };
		B6AC351B23A9326B0011D67C /* FoodTableViewCell.swift in Sources */ = {isa = PBXBuildFile; fileRef = B6AC351923A9326B0011D67C /* FoodTableViewCell.swift */; };
		B6AC351C23A9326B0011D67C /* FoodTableViewCell.xib in Resources */ = {isa = PBXBuildFile; fileRef = B6AC351A23A9326B0011D67C /* FoodTableViewCell.xib */; };
		B6AC351E23A947230011D67C /* GoogleService-Info.plist in Resources */ = {isa = PBXBuildFile; fileRef = B6AC351D23A947220011D67C /* GoogleService-Info.plist */; };
		B6AC352023AA1CCD0011D67C /* UIImageViewExtension.swift in Sources */ = {isa = PBXBuildFile; fileRef = B6AC351F23AA1CCD0011D67C /* UIImageViewExtension.swift */; };
		B6AC352223AA2E310011D67C /* DataBase.swift in Sources */ = {isa = PBXBuildFile; fileRef = B6AC352123AA2E310011D67C /* DataBase.swift */; };
		B6AC352423AA3E670011D67C /* FoodTableViewDelegate.swift in Sources */ = {isa = PBXBuildFile; fileRef = B6AC352323AA3E670011D67C /* FoodTableViewDelegate.swift */; };
		B6AC352623AA4D950011D67C /* Colors.xcassets in Resources */ = {isa = PBXBuildFile; fileRef = B6AC352523AA4D950011D67C /* Colors.xcassets */; };
/* End PBXBuildFile section */

/* Begin PBXFileReference section */
		04C1C761918B07AA5AD63C2F /* Pods-FoodHouse.debug.xcconfig */ = {isa = PBXFileReference; includeInIndex = 1; lastKnownFileType = text.xcconfig; name = "Pods-FoodHouse.debug.xcconfig"; path = "Target Support Files/Pods-FoodHouse/Pods-FoodHouse.debug.xcconfig"; sourceTree = "<group>"; };
		3B0641E3BC94C13183569D6C /* Pods-FoodHouse.release.xcconfig */ = {isa = PBXFileReference; includeInIndex = 1; lastKnownFileType = text.xcconfig; name = "Pods-FoodHouse.release.xcconfig"; path = "Target Support Files/Pods-FoodHouse/Pods-FoodHouse.release.xcconfig"; sourceTree = "<group>"; };
		612910C14942C2376E8BA693 /* Pods_FoodHouse.framework */ = {isa = PBXFileReference; explicitFileType = wrapper.framework; includeInIndex = 0; path = Pods_FoodHouse.framework; sourceTree = BUILT_PRODUCTS_DIR; };
		B6550EAE23A7C29900DE8312 /* FoodHouse.app */ = {isa = PBXFileReference; explicitFileType = wrapper.application; includeInIndex = 0; path = FoodHouse.app; sourceTree = BUILT_PRODUCTS_DIR; };
		B6550EB123A7C29900DE8312 /* AppDelegate.swift */ = {isa = PBXFileReference; lastKnownFileType = sourcecode.swift; path = AppDelegate.swift; sourceTree = "<group>"; };
		B6550EB323A7C29900DE8312 /* SceneDelegate.swift */ = {isa = PBXFileReference; lastKnownFileType = sourcecode.swift; path = SceneDelegate.swift; sourceTree = "<group>"; };
		B6550EBA23A7C29B00DE8312 /* Images.xcassets */ = {isa = PBXFileReference; lastKnownFileType = folder.assetcatalog; path = Images.xcassets; sourceTree = "<group>"; };
		B6550EBD23A7C29B00DE8312 /* Base */ = {isa = PBXFileReference; lastKnownFileType = file.storyboard; name = Base; path = Base.lproj/LaunchScreen.storyboard; sourceTree = "<group>"; };
		B6550EBF23A7C29B00DE8312 /* Info.plist */ = {isa = PBXFileReference; lastKnownFileType = text.plist.xml; path = Info.plist; sourceTree = "<group>"; };
		B6550ECA23A7EA9900DE8312 /* FoodViewController.swift */ = {isa = PBXFileReference; lastKnownFileType = sourcecode.swift; path = FoodViewController.swift; sourceTree = "<group>"; };
		B6550ECF23A7ED5800DE8312 /* Food.storyboard */ = {isa = PBXFileReference; lastKnownFileType = file.storyboard; path = Food.storyboard; sourceTree = "<group>"; };
		B6550ED123A7EF4900DE8312 /* FoodTopBar.swift */ = {isa = PBXFileReference; lastKnownFileType = sourcecode.swift; path = FoodTopBar.swift; sourceTree = "<group>"; };
		B6550ED223A7EF4900DE8312 /* FoodTopBar.xib */ = {isa = PBXFileReference; lastKnownFileType = file.xib; path = FoodTopBar.xib; sourceTree = "<group>"; };
		B6725A2423A9048400C1C694 /* UIViewExtension.swift */ = {isa = PBXFileReference; lastKnownFileType = sourcecode.swift; path = UIViewExtension.swift; sourceTree = "<group>"; };
		B6AC351923A9326B0011D67C /* FoodTableViewCell.swift */ = {isa = PBXFileReference; lastKnownFileType = sourcecode.swift; path = FoodTableViewCell.swift; sourceTree = "<group>"; };
		B6AC351A23A9326B0011D67C /* FoodTableViewCell.xib */ = {isa = PBXFileReference; lastKnownFileType = file.xib; path = FoodTableViewCell.xib; sourceTree = "<group>"; };
		B6AC351D23A947220011D67C /* GoogleService-Info.plist */ = {isa = PBXFileReference; fileEncoding = 4; lastKnownFileType = text.plist.xml; path = "GoogleService-Info.plist"; sourceTree = "<group>"; };
		B6AC351F23AA1CCD0011D67C /* UIImageViewExtension.swift */ = {isa = PBXFileReference; lastKnownFileType = sourcecode.swift; path = UIImageViewExtension.swift; sourceTree = "<group>"; };
		B6AC352123AA2E310011D67C /* DataBase.swift */ = {isa = PBXFileReference; lastKnownFileType = sourcecode.swift; path = DataBase.swift; sourceTree = "<group>"; };
		B6AC352323AA3E670011D67C /* FoodTableViewDelegate.swift */ = {isa = PBXFileReference; lastKnownFileType = sourcecode.swift; path = FoodTableViewDelegate.swift; sourceTree = "<group>"; };
		B6AC352523AA4D950011D67C /* Colors.xcassets */ = {isa = PBXFileReference; lastKnownFileType = folder.assetcatalog; path = Colors.xcassets; sourceTree = "<group>"; };
/* End PBXFileReference section */

/* Begin PBXFrameworksBuildPhase section */
		B6550EAB23A7C29800DE8312 /* Frameworks */ = {
			isa = PBXFrameworksBuildPhase;
			buildActionMask = 2147483647;
			files = (
				7A571DFA4C475C845A45E8CE /* Pods_FoodHouse.framework in Frameworks */,
			);
			runOnlyForDeploymentPostprocessing = 0;
		};
/* End PBXFrameworksBuildPhase section */

/* Begin PBXGroup section */
		0889EFC13FAEF8C16FEECF90 /* Pods */ = {
			isa = PBXGroup;
			children = (
				04C1C761918B07AA5AD63C2F /* Pods-FoodHouse.debug.xcconfig */,
				3B0641E3BC94C13183569D6C /* Pods-FoodHouse.release.xcconfig */,
			);
			path = Pods;
			sourceTree = "<group>";
		};
		473831297ED68D11734E0EEA /* Frameworks */ = {
			isa = PBXGroup;
			children = (
				612910C14942C2376E8BA693 /* Pods_FoodHouse.framework */,
			);
			name = Frameworks;
			sourceTree = "<group>";
		};
		B601DBB923A8F0150065AE01 /* FoodNavigation */ = {
			isa = PBXGroup;
			children = (
				B6550ED123A7EF4900DE8312 /* FoodTopBar.swift */,
				B6550ED223A7EF4900DE8312 /* FoodTopBar.xib */,
			);
			path = FoodNavigation;
			sourceTree = "<group>";
		};
		B6550EA523A7C29800DE8312 = {
			isa = PBXGroup;
			children = (
				B6550EB023A7C29900DE8312 /* FoodHouse */,
				B6550EAF23A7C29900DE8312 /* Products */,
				0889EFC13FAEF8C16FEECF90 /* Pods */,
				473831297ED68D11734E0EEA /* Frameworks */,
			);
			sourceTree = "<group>";
		};
		B6550EAF23A7C29900DE8312 /* Products */ = {
			isa = PBXGroup;
			children = (
				B6550EAE23A7C29900DE8312 /* FoodHouse.app */,
			);
			name = Products;
			sourceTree = "<group>";
		};
		B6550EB023A7C29900DE8312 /* FoodHouse */ = {
			isa = PBXGroup;
			children = (
				B6550EC523A7D7C700DE8312 /* AppStart */,
				B6725A2323A9045500C1C694 /* Extensions */,
				B6550EC623A7D7E500DE8312 /* Resources */,
				B6550EC723A7DAC700DE8312 /* Model */,
				B6550EC823A7DAD500DE8312 /* View */,
				B6550EC923A7DADD00DE8312 /* Controller */,
				B6550EBF23A7C29B00DE8312 /* Info.plist */,
				B6AC351D23A947220011D67C /* GoogleService-Info.plist */,
			);
			path = FoodHouse;
			sourceTree = "<group>";
		};
		B6550EC523A7D7C700DE8312 /* AppStart */ = {
			isa = PBXGroup;
			children = (
				B6550EB123A7C29900DE8312 /* AppDelegate.swift */,
				B6550EB323A7C29900DE8312 /* SceneDelegate.swift */,
				B6550EBC23A7C29B00DE8312 /* LaunchScreen.storyboard */,
			);
			path = AppStart;
			sourceTree = "<group>";
		};
		B6550EC623A7D7E500DE8312 /* Resources */ = {
			isa = PBXGroup;
			children = (
				B6550EBA23A7C29B00DE8312 /* Images.xcassets */,
				B6AC352523AA4D950011D67C /* Colors.xcassets */,
				B6AC352123AA2E310011D67C /* DataBase.swift */,
			);
			path = Resources;
			sourceTree = "<group>";
		};
		B6550EC723A7DAC700DE8312 /* Model */ = {
			isa = PBXGroup;
			children = (
			);
			path = Model;
			sourceTree = "<group>";
		};
		B6550EC823A7DAD500DE8312 /* View */ = {
			isa = PBXGroup;
			children = (
				B6550ECE23A7ED1B00DE8312 /* Components */,
				B6550ECC23A7ED0A00DE8312 /* Cell */,
				B6550ECD23A7ED0F00DE8312 /* Storyboard */,
			);
			path = View;
			sourceTree = "<group>";
		};
		B6550EC923A7DADD00DE8312 /* Controller */ = {
			isa = PBXGroup;
			children = (
				B6550ECA23A7EA9900DE8312 /* FoodViewController.swift */,
			);
			path = Controller;
			sourceTree = "<group>";
		};
		B6550ECC23A7ED0A00DE8312 /* Cell */ = {
			isa = PBXGroup;
			children = (
				B6AC351823A932510011D67C /* FoodTableViewCell */,
			);
			path = Cell;
			sourceTree = "<group>";
		};
		B6550ECD23A7ED0F00DE8312 /* Storyboard */ = {
			isa = PBXGroup;
			children = (
				B6550ECF23A7ED5800DE8312 /* Food.storyboard */,
			);
			path = Storyboard;
			sourceTree = "<group>";
		};
		B6550ECE23A7ED1B00DE8312 /* Components */ = {
			isa = PBXGroup;
			children = (
				B601DBB923A8F0150065AE01 /* FoodNavigation */,
			);
			path = Components;
			sourceTree = "<group>";
		};
		B6725A2323A9045500C1C694 /* Extensions */ = {
			isa = PBXGroup;
			children = (
				B6725A2423A9048400C1C694 /* UIViewExtension.swift */,
				B6AC351F23AA1CCD0011D67C /* UIImageViewExtension.swift */,
			);
			path = Extensions;
			sourceTree = "<group>";
		};
		B6AC351823A932510011D67C /* FoodTableViewCell */ = {
			isa = PBXGroup;
			children = (
				B6AC352323AA3E670011D67C /* FoodTableViewDelegate.swift */,
				B6AC351923A9326B0011D67C /* FoodTableViewCell.swift */,
				B6AC351A23A9326B0011D67C /* FoodTableViewCell.xib */,
			);
			path = FoodTableViewCell;
			sourceTree = "<group>";
		};
/* End PBXGroup section */

/* Begin PBXNativeTarget section */
		B6550EAD23A7C29800DE8312 /* FoodHouse */ = {
			isa = PBXNativeTarget;
			buildConfigurationList = B6550EC223A7C29B00DE8312 /* Build configuration list for PBXNativeTarget "FoodHouse" */;
			buildPhases = (
				CC5462D8D907F247D14D8E06 /* [CP] Check Pods Manifest.lock */,
				B6550EAA23A7C29800DE8312 /* Sources */,
				B6550EAB23A7C29800DE8312 /* Frameworks */,
				B6550EAC23A7C29800DE8312 /* Resources */,
				CE0712E76B3911ACE3EA5D34 /* [CP] Embed Pods Frameworks */,
			);
			buildRules = (
			);
			dependencies = (
			);
			name = FoodHouse;
			productName = FoodHouse;
			productReference = B6550EAE23A7C29900DE8312 /* FoodHouse.app */;
			productType = "com.apple.product-type.application";
		};
/* End PBXNativeTarget section */

/* Begin PBXProject section */
		B6550EA623A7C29800DE8312 /* Project object */ = {
			isa = PBXProject;
			attributes = {
				LastSwiftUpdateCheck = 1110;
				LastUpgradeCheck = 1110;
				ORGANIZATIONNAME = Nikandr;
				TargetAttributes = {
					B6550EAD23A7C29800DE8312 = {
						CreatedOnToolsVersion = 11.1;
					};
				};
			};
			buildConfigurationList = B6550EA923A7C29800DE8312 /* Build configuration list for PBXProject "FoodHouse" */;
			compatibilityVersion = "Xcode 9.3";
			developmentRegion = en;
			hasScannedForEncodings = 0;
			knownRegions = (
				en,
				Base,
			);
			mainGroup = B6550EA523A7C29800DE8312;
			productRefGroup = B6550EAF23A7C29900DE8312 /* Products */;
			projectDirPath = "";
			projectRoot = "";
			targets = (
				B6550EAD23A7C29800DE8312 /* FoodHouse */,
			);
		};
/* End PBXProject section */

/* Begin PBXResourcesBuildPhase section */
		B6550EAC23A7C29800DE8312 /* Resources */ = {
			isa = PBXResourcesBuildPhase;
			buildActionMask = 2147483647;
			files = (
				B6550ED023A7ED5800DE8312 /* Food.storyboard in Resources */,
				B6550EBE23A7C29B00DE8312 /* LaunchScreen.storyboard in Resources */,
				B6AC351C23A9326B0011D67C /* FoodTableViewCell.xib in Resources */,
				B6550EBB23A7C29B00DE8312 /* Images.xcassets in Resources */,
				B6550ED423A7EF4900DE8312 /* FoodTopBar.xib in Resources */,
				B6AC351E23A947230011D67C /* GoogleService-Info.plist in Resources */,
				B6AC352623AA4D950011D67C /* Colors.xcassets in Resources */,
			);
			runOnlyForDeploymentPostprocessing = 0;
		};
/* End PBXResourcesBuildPhase section */

/* Begin PBXShellScriptBuildPhase section */
		CC5462D8D907F247D14D8E06 /* [CP] Check Pods Manifest.lock */ = {
			isa = PBXShellScriptBuildPhase;
			buildActionMask = 2147483647;
			files = (
			);
			inputFileListPaths = (
			);
			inputPaths = (
				"${PODS_PODFILE_DIR_PATH}/Podfile.lock",
				"${PODS_ROOT}/Manifest.lock",
			);
			name = "[CP] Check Pods Manifest.lock";
			outputFileListPaths = (
			);
			outputPaths = (
				"$(DERIVED_FILE_DIR)/Pods-FoodHouse-checkManifestLockResult.txt",
			);
			runOnlyForDeploymentPostprocessing = 0;
			shellPath = /bin/sh;
			shellScript = "diff \"${PODS_PODFILE_DIR_PATH}/Podfile.lock\" \"${PODS_ROOT}/Manifest.lock\" > /dev/null\nif [ $? != 0 ] ; then\n    # print error to STDERR\n    echo \"error: The sandbox is not in sync with the Podfile.lock. Run 'pod install' or update your CocoaPods installation.\" >&2\n    exit 1\nfi\n# This output is used by Xcode 'outputs' to avoid re-running this script phase.\necho \"SUCCESS\" > \"${SCRIPT_OUTPUT_FILE_0}\"\n";
			showEnvVarsInLog = 0;
		};
		CE0712E76B3911ACE3EA5D34 /* [CP] Embed Pods Frameworks */ = {
			isa = PBXShellScriptBuildPhase;
			buildActionMask = 2147483647;
			files = (
			);
			inputFileListPaths = (
				"${PODS_ROOT}/Target Support Files/Pods-FoodHouse/Pods-FoodHouse-frameworks-${CONFIGURATION}-input-files.xcfilelist",
			);
			name = "[CP] Embed Pods Frameworks";
			outputFileListPaths = (
				"${PODS_ROOT}/Target Support Files/Pods-FoodHouse/Pods-FoodHouse-frameworks-${CONFIGURATION}-output-files.xcfilelist",
			);
			runOnlyForDeploymentPostprocessing = 0;
			shellPath = /bin/sh;
			shellScript = "\"${PODS_ROOT}/Target Support Files/Pods-FoodHouse/Pods-FoodHouse-frameworks.sh\"\n";
			showEnvVarsInLog = 0;
		};
/* End PBXShellScriptBuildPhase section */

/* Begin PBXSourcesBuildPhase section */
		B6550EAA23A7C29800DE8312 /* Sources */ = {
			isa = PBXSourcesBuildPhase;
			buildActionMask = 2147483647;
			files = (
				B6725A2523A9048400C1C694 /* UIViewExtension.swift in Sources */,
				B6AC352023AA1CCD0011D67C /* UIImageViewExtension.swift in Sources */,
				B6550EB223A7C29900DE8312 /* AppDelegate.swift in Sources */,
				B6550ED323A7EF4900DE8312 /* FoodTopBar.swift in Sources */,
				B6550ECB23A7EA9900DE8312 /* FoodViewController.swift in Sources */,
				B6550EB423A7C29900DE8312 /* SceneDelegate.swift in Sources */,
				B6AC352423AA3E670011D67C /* FoodTableViewDelegate.swift in Sources */,
				B6AC352223AA2E310011D67C /* DataBase.swift in Sources */,
				B6AC351B23A9326B0011D67C /* FoodTableViewCell.swift in Sources */,
			);
			runOnlyForDeploymentPostprocessing = 0;
		};
/* End PBXSourcesBuildPhase section */

/* Begin PBXVariantGroup section */
		B6550EBC23A7C29B00DE8312 /* LaunchScreen.storyboard */ = {
			isa = PBXVariantGroup;
			children = (
				B6550EBD23A7C29B00DE8312 /* Base */,
			);
			name = LaunchScreen.storyboard;
			sourceTree = "<group>";
		};
/* End PBXVariantGroup section */

/* Begin XCBuildConfiguration section */
		B6550EC023A7C29B00DE8312 /* Debug */ = {
			isa = XCBuildConfiguration;
			buildSettings = {
				ALWAYS_SEARCH_USER_PATHS = NO;
				CLANG_ANALYZER_NONNULL = YES;
				CLANG_ANALYZER_NUMBER_OBJECT_CONVERSION = YES_AGGRESSIVE;
				CLANG_CXX_LANGUAGE_STANDARD = "gnu++14";
				CLANG_CXX_LIBRARY = "libc++";
				CLANG_ENABLE_MODULES = YES;
				CLANG_ENABLE_OBJC_ARC = YES;
				CLANG_ENABLE_OBJC_WEAK = YES;
				CLANG_WARN_BLOCK_CAPTURE_AUTORELEASING = YES;
				CLANG_WARN_BOOL_CONVERSION = YES;
				CLANG_WARN_COMMA = YES;
				CLANG_WARN_CONSTANT_CONVERSION = YES;
				CLANG_WARN_DEPRECATED_OBJC_IMPLEMENTATIONS = YES;
				CLANG_WARN_DIRECT_OBJC_ISA_USAGE = YES_ERROR;
				CLANG_WARN_DOCUMENTATION_COMMENTS = YES;
				CLANG_WARN_EMPTY_BODY = YES;
				CLANG_WARN_ENUM_CONVERSION = YES;
				CLANG_WARN_INFINITE_RECURSION = YES;
				CLANG_WARN_INT_CONVERSION = YES;
				CLANG_WARN_NON_LITERAL_NULL_CONVERSION = YES;
				CLANG_WARN_OBJC_IMPLICIT_RETAIN_SELF = YES;
				CLANG_WARN_OBJC_LITERAL_CONVERSION = YES;
				CLANG_WARN_OBJC_ROOT_CLASS = YES_ERROR;
				CLANG_WARN_RANGE_LOOP_ANALYSIS = YES;
				CLANG_WARN_STRICT_PROTOTYPES = YES;
				CLANG_WARN_SUSPICIOUS_MOVE = YES;
				CLANG_WARN_UNGUARDED_AVAILABILITY = YES_AGGRESSIVE;
				CLANG_WARN_UNREACHABLE_CODE = YES;
				CLANG_WARN__DUPLICATE_METHOD_MATCH = YES;
				COPY_PHASE_STRIP = NO;
				DEBUG_INFORMATION_FORMAT = dwarf;
				ENABLE_STRICT_OBJC_MSGSEND = YES;
				ENABLE_TESTABILITY = YES;
				GCC_C_LANGUAGE_STANDARD = gnu11;
				GCC_DYNAMIC_NO_PIC = NO;
				GCC_NO_COMMON_BLOCKS = YES;
				GCC_OPTIMIZATION_LEVEL = 0;
				GCC_PREPROCESSOR_DEFINITIONS = (
					"DEBUG=1",
					"$(inherited)",
				);
				GCC_WARN_64_TO_32_BIT_CONVERSION = YES;
				GCC_WARN_ABOUT_RETURN_TYPE = YES_ERROR;
				GCC_WARN_UNDECLARED_SELECTOR = YES;
				GCC_WARN_UNINITIALIZED_AUTOS = YES_AGGRESSIVE;
				GCC_WARN_UNUSED_FUNCTION = YES;
				GCC_WARN_UNUSED_VARIABLE = YES;
				IPHONEOS_DEPLOYMENT_TARGET = 13.1;
				MTL_ENABLE_DEBUG_INFO = INCLUDE_SOURCE;
				MTL_FAST_MATH = YES;
				ONLY_ACTIVE_ARCH = YES;
				SDKROOT = iphoneos;
				SWIFT_ACTIVE_COMPILATION_CONDITIONS = DEBUG;
				SWIFT_OPTIMIZATION_LEVEL = "-Onone";
			};
			name = Debug;
		};
		B6550EC123A7C29B00DE8312 /* Release */ = {
			isa = XCBuildConfiguration;
			buildSettings = {
				ALWAYS_SEARCH_USER_PATHS = NO;
				CLANG_ANALYZER_NONNULL = YES;
				CLANG_ANALYZER_NUMBER_OBJECT_CONVERSION = YES_AGGRESSIVE;
				CLANG_CXX_LANGUAGE_STANDARD = "gnu++14";
				CLANG_CXX_LIBRARY = "libc++";
				CLANG_ENABLE_MODULES = YES;
				CLANG_ENABLE_OBJC_ARC = YES;
				CLANG_ENABLE_OBJC_WEAK = YES;
				CLANG_WARN_BLOCK_CAPTURE_AUTORELEASING = YES;
				CLANG_WARN_BOOL_CONVERSION = YES;
				CLANG_WARN_COMMA = YES;
				CLANG_WARN_CONSTANT_CONVERSION = YES;
				CLANG_WARN_DEPRECATED_OBJC_IMPLEMENTATIONS = YES;
				CLANG_WARN_DIRECT_OBJC_ISA_USAGE = YES_ERROR;
				CLANG_WARN_DOCUMENTATION_COMMENTS = YES;
				CLANG_WARN_EMPTY_BODY = YES;
				CLANG_WARN_ENUM_CONVERSION = YES;
				CLANG_WARN_INFINITE_RECURSION = YES;
				CLANG_WARN_INT_CONVERSION = YES;
				CLANG_WARN_NON_LITERAL_NULL_CONVERSION = YES;
				CLANG_WARN_OBJC_IMPLICIT_RETAIN_SELF = YES;
				CLANG_WARN_OBJC_LITERAL_CONVERSION = YES;
				CLANG_WARN_OBJC_ROOT_CLASS = YES_ERROR;
				CLANG_WARN_RANGE_LOOP_ANALYSIS = YES;
				CLANG_WARN_STRICT_PROTOTYPES = YES;
				CLANG_WARN_SUSPICIOUS_MOVE = YES;
				CLANG_WARN_UNGUARDED_AVAILABILITY = YES_AGGRESSIVE;
				CLANG_WARN_UNREACHABLE_CODE = YES;
				CLANG_WARN__DUPLICATE_METHOD_MATCH = YES;
				COPY_PHASE_STRIP = NO;
				DEBUG_INFORMATION_FORMAT = "dwarf-with-dsym";
				ENABLE_NS_ASSERTIONS = NO;
				ENABLE_STRICT_OBJC_MSGSEND = YES;
				GCC_C_LANGUAGE_STANDARD = gnu11;
				GCC_NO_COMMON_BLOCKS = YES;
				GCC_WARN_64_TO_32_BIT_CONVERSION = YES;
				GCC_WARN_ABOUT_RETURN_TYPE = YES_ERROR;
				GCC_WARN_UNDECLARED_SELECTOR = YES;
				GCC_WARN_UNINITIALIZED_AUTOS = YES_AGGRESSIVE;
				GCC_WARN_UNUSED_FUNCTION = YES;
				GCC_WARN_UNUSED_VARIABLE = YES;
				IPHONEOS_DEPLOYMENT_TARGET = 13.1;
				MTL_ENABLE_DEBUG_INFO = NO;
				MTL_FAST_MATH = YES;
				SDKROOT = iphoneos;
				SWIFT_COMPILATION_MODE = wholemodule;
				SWIFT_OPTIMIZATION_LEVEL = "-O";
				VALIDATE_PRODUCT = YES;
			};
			name = Release;
		};
		B6550EC323A7C29B00DE8312 /* Debug */ = {
			isa = XCBuildConfiguration;
			baseConfigurationReference = 04C1C761918B07AA5AD63C2F /* Pods-FoodHouse.debug.xcconfig */;
			buildSettings = {
				ASSETCATALOG_COMPILER_APPICON_NAME = AppIcon;
				CODE_SIGN_IDENTITY = "Apple Development";
				CODE_SIGN_STYLE = Automatic;
				DEVELOPMENT_TEAM = KRDU7P95V4;
				INFOPLIST_FILE = FoodHouse/Info.plist;
				LD_RUNPATH_SEARCH_PATHS = (
					"$(inherited)",
					"@executable_path/Frameworks",
				);
				PRODUCT_BUNDLE_IDENTIFIER = startupsoft.FoodHouse;
				PRODUCT_NAME = "$(TARGET_NAME)";
				PROVISIONING_PROFILE_SPECIFIER = "";
				SWIFT_VERSION = 5.0;
				TARGETED_DEVICE_FAMILY = "1,2";
			};
			name = Debug;
		};
		B6550EC423A7C29B00DE8312 /* Release */ = {
			isa = XCBuildConfiguration;
			baseConfigurationReference = 3B0641E3BC94C13183569D6C /* Pods-FoodHouse.release.xcconfig */;
			buildSettings = {
				ASSETCATALOG_COMPILER_APPICON_NAME = AppIcon;
				CODE_SIGN_IDENTITY = "Apple Development";
				CODE_SIGN_STYLE = Automatic;
				DEVELOPMENT_TEAM = KRDU7P95V4;
				INFOPLIST_FILE = FoodHouse/Info.plist;
				LD_RUNPATH_SEARCH_PATHS = (
					"$(inherited)",
					"@executable_path/Frameworks",
				);
				PRODUCT_BUNDLE_IDENTIFIER = startupsoft.FoodHouse;
				PRODUCT_NAME = "$(TARGET_NAME)";
				PROVISIONING_PROFILE_SPECIFIER = "";
				SWIFT_VERSION = 5.0;
				TARGETED_DEVICE_FAMILY = "1,2";
			};
			name = Release;
		};
/* End XCBuildConfiguration section */

/* Begin XCConfigurationList section */
		B6550EA923A7C29800DE8312 /* Build configuration list for PBXProject "FoodHouse" */ = {
			isa = XCConfigurationList;
			buildConfigurations = (
				B6550EC023A7C29B00DE8312 /* Debug */,
				B6550EC123A7C29B00DE8312 /* Release */,
			);
			defaultConfigurationIsVisible = 0;
			defaultConfigurationName = Release;
		};
		B6550EC223A7C29B00DE8312 /* Build configuration list for PBXNativeTarget "FoodHouse" */ = {
			isa = XCConfigurationList;
			buildConfigurations = (
				B6550EC323A7C29B00DE8312 /* Debug */,
				B6550EC423A7C29B00DE8312 /* Release */,
			);
			defaultConfigurationIsVisible = 0;
			defaultConfigurationName = Release;
		};
/* End XCConfigurationList section */
	};
	rootObject = B6550EA623A7C29800DE8312 /* Project object */;
}
